// !$*UTF8*$!
{
	archiveVersion = 1;
	classes = {
	};
	objectVersion = 50;
	objects = {

/* Begin PBXBuildFile section */
		6B3CAEBB224F2EFD00FBBB6F /* AppDelegate.swift in Sources */ = {isa = PBXBuildFile; fileRef = 6B3CAEBA224F2EFD00FBBB6F /* AppDelegate.swift */; };
		6B3CAEBD224F2EFD00FBBB6F /* ViewController.swift in Sources */ = {isa = PBXBuildFile; fileRef = 6B3CAEBC224F2EFD00FBBB6F /* ViewController.swift */; };
		6B3CAEC0224F2EFD00FBBB6F /* Main.storyboard in Resources */ = {isa = PBXBuildFile; fileRef = 6B3CAEBE224F2EFD00FBBB6F /* Main.storyboard */; };
		6B3CAEC2224F2F0A00FBBB6F /* Assets.xcassets in Resources */ = {isa = PBXBuildFile; fileRef = 6B3CAEC1224F2F0A00FBBB6F /* Assets.xcassets */; };
		6B3CAEC5224F2F0A00FBBB6F /* LaunchScreen.storyboard in Resources */ = {isa = PBXBuildFile; fileRef = 6B3CAEC3224F2F0A00FBBB6F /* LaunchScreen.storyboard */; };
		6B3CAECD224F31B100FBBB6F /* haikei.png in Resources */ = {isa = PBXBuildFile; fileRef = 6B3CAECC224F31B000FBBB6F /* haikei.png */; };
		6B3CAED4224F6C7200FBBB6F /* icon.png in Resources */ = {isa = PBXBuildFile; fileRef = 6B3CAED2224F6C3F00FBBB6F /* icon.png */; };
/* End PBXBuildFile section */

/* Begin PBXFileReference section */
		6B3CAEB7224F2EFD00FBBB6F /* Count.app */ = {isa = PBXFileReference; explicitFileType = wrapper.application; includeInIndex = 0; path = Count.app; sourceTree = BUILT_PRODUCTS_DIR; };
		6B3CAEBA224F2EFD00FBBB6F /* AppDelegate.swift */ = {isa = PBXFileReference; lastKnownFileType = sourcecode.swift; path = AppDelegate.swift; sourceTree = "<group>"; };
		6B3CAEBC224F2EFD00FBBB6F /* ViewController.swift */ = {isa = PBXFileReference; lastKnownFileType = sourcecode.swift; path = ViewController.swift; sourceTree = "<group>"; };
		6B3CAEBF224F2EFD00FBBB6F /* Base */ = {isa = PBXFileReference; lastKnownFileType = file.storyboard; name = Base; path = Base.lproj/Main.storyboard; sourceTree = "<group>"; };
		6B3CAEC1224F2F0A00FBBB6F /* Assets.xcassets */ = {isa = PBXFileReference; lastKnownFileType = folder.assetcatalog; path = Assets.xcassets; sourceTree = "<group>"; };
		6B3CAEC4224F2F0A00FBBB6F /* Base */ = {isa = PBXFileReference; lastKnownFileType = file.storyboard; name = Base; path = Base.lproj/LaunchScreen.storyboard; sourceTree = "<group>"; };
		6B3CAEC6224F2F0A00FBBB6F /* Info.plist */ = {isa = PBXFileReference; lastKnownFileType = text.plist.xml; path = Info.plist; sourceTree = "<group>"; };
		6B3CAECC224F31B000FBBB6F /* haikei.png */ = {isa = PBXFileReference; lastKnownFileType = image.png; name = haikei.png; path = ../../haikei.png; sourceTree = "<group>"; };
		6B3CAED2224F6C3F00FBBB6F /* icon.png */ = {isa = PBXFileReference; lastKnownFileType = image.png; name = icon.png; path = ../../icon.png; sourceTree = "<group>"; };
/* End PBXFileReference section */

/* Begin PBXFrameworksBuildPhase section */
		6B3CAEB4224F2EFD00FBBB6F /* Frameworks */ = {
			isa = PBXFrameworksBuildPhase;
			buildActionMask = 2147483647;
			files = (
			);
			runOnlyForDeploymentPostprocessing = 0;
		};
/* End PBXFrameworksBuildPhase section */

/* Begin PBXGroup section */
		6B3CAEAE224F2EFD00FBBB6F = {
			isa = PBXGroup;
			children = (
				6B3CAEB9224F2EFD00FBBB6F /* Count */,
				6B3CAEB8224F2EFD00FBBB6F /* Products */,
			);
			sourceTree = "<group>";
		};
		6B3CAEB8224F2EFD00FBBB6F /* Products */ = {
			isa = PBXGroup;
			children = (
				6B3CAEB7224F2EFD00FBBB6F /* Count.app */,
			);
			name = Products;
			sourceTree = "<group>";
		};
		6B3CAEB9224F2EFD00FBBB6F /* Count */ = {
			isa = PBXGroup;
			children = (
				6B3CAED2224F6C3F00FBBB6F /* icon.png */,
				6B3CAECC224F31B000FBBB6F /* haikei.png */,
				6B3CAEBA224F2EFD00FBBB6F /* AppDelegate.swift */,
				6B3CAEBC224F2EFD00FBBB6F /* ViewController.swift */,
				6B3CAEBE224F2EFD00FBBB6F /* Main.storyboard */,
				6B3CAEC1224F2F0A00FBBB6F /* Assets.xcassets */,
				6B3CAEC3224F2F0A00FBBB6F /* LaunchScreen.storyboard */,
				6B3CAEC6224F2F0A00FBBB6F /* Info.plist */,
			);
			path = Count;
			sourceTree = "<group>";
		};
/* End PBXGroup section */

/* Begin PBXNativeTarget section */
		6B3CAEB6224F2EFD00FBBB6F /* Count */ = {
			isa = PBXNativeTarget;
			buildConfigurationList = 6B3CAEC9224F2F0A00FBBB6F /* Build configuration list for PBXNativeTarget "Count" */;
			buildPhases = (
				6B3CAEB3224F2EFD00FBBB6F /* Sources */,
				6B3CAEB4224F2EFD00FBBB6F /* Frameworks */,
				6B3CAEB5224F2EFD00FBBB6F /* Resources */,
			);
			buildRules = (
			);
			dependencies = (
			);
			name = Count;
			productName = Count;
			productReference = 6B3CAEB7224F2EFD00FBBB6F /* Count.app */;
			productType = "com.apple.product-type.application";
		};
/* End PBXNativeTarget section */

/* Begin PBXProject section */
		6B3CAEAF224F2EFD00FBBB6F /* Project object */ = {
			isa = PBXProject;
			attributes = {
				LastSwiftUpdateCheck = 1020;
				LastUpgradeCheck = 1020;
				ORGANIZATIONNAME = "瓜生理世";
				TargetAttributes = {
					6B3CAEB6224F2EFD00FBBB6F = {
						CreatedOnToolsVersion = 10.2;
					};
				};
			};
			buildConfigurationList = 6B3CAEB2224F2EFD00FBBB6F /* Build configuration list for PBXProject "Count" */;
			compatibilityVersion = "Xcode 9.3";
			developmentRegion = en;
			hasScannedForEncodings = 0;
			knownRegions = (
				en,
				Base,
			);
			mainGroup = 6B3CAEAE224F2EFD00FBBB6F;
			productRefGroup = 6B3CAEB8224F2EFD00FBBB6F /* Products */;
			projectDirPath = "";
			projectRoot = "";
			targets = (
				6B3CAEB6224F2EFD00FBBB6F /* Count */,
			);
		};
/* End PBXProject section */

/* Begin PBXResourcesBuildPhase section */
		6B3CAEB5224F2EFD00FBBB6F /* Resources */ = {
			isa = PBXResourcesBuildPhase;
			buildActionMask = 2147483647;
			files = (
				6B3CAECD224F31B100FBBB6F /* haikei.png in Resources */,
				6B3CAED4224F6C7200FBBB6F /* icon.png in Resources */,
				6B3CAEC5224F2F0A00FBBB6F /* LaunchScreen.storyboard in Resources */,
				6B3CAEC2224F2F0A00FBBB6F /* Assets.xcassets in Resources */,
				6B3CAEC0224F2EFD00FBBB6F /* Main.storyboard in Resources */,
			);
			runOnlyForDeploymentPostprocessing = 0;
		};
/* End PBXResourcesBuildPhase section */

/* Begin PBXSourcesBuildPhase section */
		6B3CAEB3224F2EFD00FBBB6F /* Sources */ = {
			isa = PBXSourcesBuildPhase;
			buildActionMask = 2147483647;
			files = (
				6B3CAEBD224F2EFD00FBBB6F /* ViewController.swift in Sources */,
				6B3CAEBB224F2EFD00FBBB6F /* AppDelegate.swift in Sources */,
			);
			runOnlyForDeploymentPostprocessing = 0;
		};
/* End PBXSourcesBuildPhase section */

/* Begin PBXVariantGroup section */
		6B3CAEBE224F2EFD00FBBB6F /* Main.storyboard */ = {
			isa = PBXVariantGroup;
			children = (
				6B3CAEBF224F2EFD00FBBB6F /* Base */,
			);
			name = Main.storyboard;
			sourceTree = "<group>";
		};
		6B3CAEC3224F2F0A00FBBB6F /* LaunchScreen.storyboard */ = {
			isa = PBXVariantGroup;
			children = (
				6B3CAEC4224F2F0A00FBBB6F /* Base */,
			);
			name = LaunchScreen.storyboard;
			sourceTree = "<group>";
		};
/* End PBXVariantGroup section */

/* Begin XCBuildConfiguration section */
		6B3CAEC7224F2F0A00FBBB6F /* Debug */ = {
			isa = XCBuildConfiguration;
			buildSettings = {
				ALWAYS_SEARCH_USER_PATHS = NO;
				CLANG_ANALYZER_NONNULL = YES;
				CLANG_ANALYZER_NUMBER_OBJECT_CONVERSION = YES_AGGRESSIVE;
				CLANG_CXX_LANGUAGE_STANDARD = "gnu++14";
				CLANG_CXX_LIBRARY = "libc++";
				CLANG_ENABLE_MODULES = YES;
				CLANG_ENABLE_OBJC_ARC = YES;
				CLANG_ENABLE_OBJC_WEAK = YES;
				CLANG_WARN_BLOCK_CAPTURE_AUTORELEASING = YES;
				CLANG_WARN_BOOL_CONVERSION = YES;
				CLANG_WARN_COMMA = YES;
				CLANG_WARN_CONSTANT_CONVERSION = YES;
				CLANG_WARN_DEPRECATED_OBJC_IMPLEMENTATIONS = YES;
				CLANG_WARN_DIRECT_OBJC_ISA_USAGE = YES_ERROR;
				CLANG_WARN_DOCUMENTATION_COMMENTS = YES;
				CLANG_WARN_EMPTY_BODY = YES;
				CLANG_WARN_ENUM_CONVERSION = YES;
				CLANG_WARN_INFINITE_RECURSION = YES;
				CLANG_WARN_INT_CONVERSION = YES;
				CLANG_WARN_NON_LITERAL_NULL_CONVERSION = YES;
				CLANG_WARN_OBJC_IMPLICIT_RETAIN_SELF = YES;
				CLANG_WARN_OBJC_LITERAL_CONVERSION = YES;
				CLANG_WARN_OBJC_ROOT_CLASS = YES_ERROR;
				CLANG_WARN_RANGE_LOOP_ANALYSIS = YES;
				CLANG_WARN_STRICT_PROTOTYPES = YES;
				CLANG_WARN_SUSPICIOUS_MOVE = YES;
				CLANG_WARN_UNGUARDED_AVAILABILITY = YES_AGGRESSIVE;
				CLANG_WARN_UNREACHABLE_CODE = YES;
				CLANG_WARN__DUPLICATE_METHOD_MATCH = YES;
				CODE_SIGN_IDENTITY = "iPhone Developer";
				COPY_PHASE_STRIP = NO;
				DEBUG_INFORMATION_FORMAT = dwarf;
				ENABLE_STRICT_OBJC_MSGSEND = YES;
				ENABLE_TESTABILITY = YES;
				GCC_C_LANGUAGE_STANDARD = gnu11;
				GCC_DYNAMIC_NO_PIC = NO;
				GCC_NO_COMMON_BLOCKS = YES;
				GCC_OPTIMIZATION_LEVEL = 0;
				GCC_PREPROCESSOR_DEFINITIONS = (
					"DEBUG=1",
					"$(inherited)",
				);
				GCC_WARN_64_TO_32_BIT_CONVERSION = YES;
				GCC_WARN_ABOUT_RETURN_TYPE = YES_ERROR;
				GCC_WARN_UNDECLARED_SELECTOR = YES;
				GCC_WARN_UNINITIALIZED_AUTOS = YES_AGGRESSIVE;
				GCC_WARN_UNUSED_FUNCTION = YES;
				GCC_WARN_UNUSED_VARIABLE = YES;
				IPHONEOS_DEPLOYMENT_TARGET = 12.1.4;
				MTL_ENABLE_DEBUG_INFO = INCLUDE_SOURCE;
				MTL_FAST_MATH = YES;
				ONLY_ACTIVE_ARCH = YES;
				SDKROOT = iphoneos;
				SWIFT_ACTIVE_COMPILATION_CONDITIONS = DEBUG;
				SWIFT_OPTIMIZATION_LEVEL = "-Onone";
			};
			name = Debug;
		};
		6B3CAEC8224F2F0A00FBBB6F /* Release */ = {
			isa = XCBuildConfiguration;
			buildSettings = {
				ALWAYS_SEARCH_USER_PATHS = NO;
				CLANG_ANALYZER_NONNULL = YES;
				CLANG_ANALYZER_NUMBER_OBJECT_CONVERSION = YES_AGGRESSIVE;
				CLANG_CXX_LANGUAGE_STANDARD = "gnu++14";
				CLANG_CXX_LIBRARY = "libc++";
				CLANG_ENABLE_MODULES = YES;
				CLANG_ENABLE_OBJC_ARC = YES;
				CLANG_ENABLE_OBJC_WEAK = YES;
				CLANG_WARN_BLOCK_CAPTURE_AUTORELEASING = YES;
				CLANG_WARN_BOOL_CONVERSION = YES;
				CLANG_WARN_COMMA = YES;
				CLANG_WARN_CONSTANT_CONVERSION = YES;
				CLANG_WARN_DEPRECATED_OBJC_IMPLEMENTATIONS = YES;
				CLANG_WARN_DIRECT_OBJC_ISA_USAGE = YES_ERROR;
				CLANG_WARN_DOCUMENTATION_COMMENTS = YES;
				CLANG_WARN_EMPTY_BODY = YES;
				CLANG_WARN_ENUM_CONVERSION = YES;
				CLANG_WARN_INFINITE_RECURSION = YES;
				CLANG_WARN_INT_CONVERSION = YES;
				CLANG_WARN_NON_LITERAL_NULL_CONVERSION = YES;
				CLANG_WARN_OBJC_IMPLICIT_RETAIN_SELF = YES;
				CLANG_WARN_OBJC_LITERAL_CONVERSION = YES;
				CLANG_WARN_OBJC_ROOT_CLASS = YES_ERROR;
				CLANG_WARN_RANGE_LOOP_ANALYSIS = YES;
				CLANG_WARN_STRICT_PROTOTYPES = YES;
				CLANG_WARN_SUSPICIOUS_MOVE = YES;
				CLANG_WARN_UNGUARDED_AVAILABILITY = YES_AGGRESSIVE;
				CLANG_WARN_UNREACHABLE_CODE = YES;
				CLANG_WARN__DUPLICATE_METHOD_MATCH = YES;
				CODE_SIGN_IDENTITY = "iPhone Developer";
				COPY_PHASE_STRIP = NO;
				DEBUG_INFORMATION_FORMAT = "dwarf-with-dsym";
				ENABLE_NS_ASSERTIONS = NO;
				ENABLE_STRICT_OBJC_MSGSEND = YES;
				GCC_C_LANGUAGE_STANDARD = gnu11;
				GCC_NO_COMMON_BLOCKS = YES;
				GCC_WARN_64_TO_32_BIT_CONVERSION = YES;
				GCC_WARN_ABOUT_RETURN_TYPE = YES_ERROR;
				GCC_WARN_UNDECLARED_SELECTOR = YES;
				GCC_WARN_UNINITIALIZED_AUTOS = YES_AGGRESSIVE;
				GCC_WARN_UNUSED_FUNCTION = YES;
				GCC_WARN_UNUSED_VARIABLE = YES;
				IPHONEOS_DEPLOYMENT_TARGET = 12.1.4;
				MTL_ENABLE_DEBUG_INFO = NO;
				MTL_FAST_MATH = YES;
				SDKROOT = iphoneos;
				SWIFT_COMPILATION_MODE = wholemodule;
				SWIFT_OPTIMIZATION_LEVEL = "-O";
				VALIDATE_PRODUCT = YES;
			};
			name = Release;
		};
		6B3CAECA224F2F0A00FBBB6F /* Debug */ = {
			isa = XCBuildConfiguration;
			buildSettings = {
				ASSETCATALOG_COMPILER_APPICON_NAME = AppIcon;
				CODE_SIGN_IDENTITY = "iPhone Developer";
				CODE_SIGN_STYLE = Automatic;
				DEVELOPMENT_TEAM = 44PSYGL5JZ;
				INFOPLIST_FILE = Count/Info.plist;
				IPHONEOS_DEPLOYMENT_TARGET = 12.1;
				LD_RUNPATH_SEARCH_PATHS = (
					"$(inherited)",
					"@executable_path/Frameworks",
				);
				PRODUCT_BUNDLE_IDENTIFIER = com.liese.Count;
				PRODUCT_NAME = "$(TARGET_NAME)";
				PROVISIONING_PROFILE_SPECIFIER = "";
				SWIFT_VERSION = 5.0;
				TARGETED_DEVICE_FAMILY = 1;
			};
			name = Debug;
		};
		6B3CAECB224F2F0A00FBBB6F /* Release */ = {
			isa = XCBuildConfiguration;
			buildSettings = {
				ASSETCATALOG_COMPILER_APPICON_NAME = AppIcon;
				CODE_SIGN_IDENTITY = "iPhone Developer";
				CODE_SIGN_STYLE = Automatic;
				DEVELOPMENT_TEAM = 44PSYGL5JZ;
				INFOPLIST_FILE = Count/Info.plist;
				IPHONEOS_DEPLOYMENT_TARGET = 12.1;
				LD_RUNPATH_SEARCH_PATHS = (
					"$(inherited)",
					"@executable_path/Frameworks",
				);
				PRODUCT_BUNDLE_IDENTIFIER = com.liese.Count;
				PRODUCT_NAME = "$(TARGET_NAME)";
				PROVISIONING_PROFILE_SPECIFIER = "";
				SWIFT_VERSION = 5.0;
				TARGETED_DEVICE_FAMILY = 1;
			};
			name = Release;
		};
/* End XCBuildConfiguration section */

/* Begin XCConfigurationList section */
		6B3CAEB2224F2EFD00FBBB6F /* Build configuration list for PBXProject "Count" */ = {
			isa = XCConfigurationList;
			buildConfigurations = (
				6B3CAEC7224F2F0A00FBBB6F /* Debug */,
				6B3CAEC8224F2F0A00FBBB6F /* Release */,
			);
			defaultConfigurationIsVisible = 0;
			defaultConfigurationName = Release;
		};
		6B3CAEC9224F2F0A00FBBB6F /* Build configuration list for PBXNativeTarget "Count" */ = {
			isa = XCConfigurationList;
			buildConfigurations = (
				6B3CAECA224F2F0A00FBBB6F /* Debug */,
				6B3CAECB224F2F0A00FBBB6F /* Release */,
			);
			defaultConfigurationIsVisible = 0;
			defaultConfigurationName = Release;
		};
/* End XCConfigurationList section */
	};
	rootObject = 6B3CAEAF224F2EFD00FBBB6F /* Project object */;
}
